
Microsoft Visual Studio Solution File, Format Version 12.00
# Visual Studio Version 16
VisualStudioVersion = 16.0.30413.136
MinimumVisualStudioVersion = 10.0.40219.1
Project("{9A19103F-16F7-4668-BE54-9A1E7A4F7556}") = "GameTop", "GameTop\GameTop.csproj", "{05942449-4951-4208-87FA-7BCA8BB36B80}"
EndProject
Project("{9A19103F-16F7-4668-BE54-9A1E7A4F7556}") = "GameTop.Lib", "GameTop.Lib\GameTop.Lib.csproj", "{A718BC74-4AB6-493B-9FC8-F0A3FF5D27B4}"
EndProject
Project("{FAE04EC0-301F-11D3-BF4B-00C04F79EFBC}") = "GameTOP.Interface", "GameTOP.Interface\GameTOP.Interface.csproj", "{07CC2017-2F3D-47F9-902D-513C5BE9C471}"
EndProject
Global
	GlobalSection(SolutionConfigurationPlatforms) = preSolution
		Debug|Any CPU = Debug|Any CPU
		Release|Any CPU = Release|Any CPU
	EndGlobalSection
	GlobalSection(ProjectConfigurationPlatforms) = postSolution
		{05942449-4951-4208-87FA-7BCA8BB36B80}.Debug|Any CPU.ActiveCfg = Debug|Any CPU
		{05942449-4951-4208-87FA-7BCA8BB36B80}.Debug|Any CPU.Build.0 = Debug|Any CPU
		{05942449-4951-4208-87FA-7BCA8BB36B80}.Release|Any CPU.ActiveCfg = Release|Any CPU
		{05942449-4951-4208-87FA-7BCA8BB36B80}.Release|Any CPU.Build.0 = Release|Any CPU
		{A718BC74-4AB6-493B-9FC8-F0A3FF5D27B4}.Debug|Any CPU.ActiveCfg = Debug|Any CPU
		{A718BC74-4AB6-493B-9FC8-F0A3FF5D27B4}.Debug|Any CPU.Build.0 = Debug|Any CPU
		{A718BC74-4AB6-493B-9FC8-F0A3FF5D27B4}.Release|Any CPU.ActiveCfg = Release|Any CPU
		{A718BC74-4AB6-493B-9FC8-F0A3FF5D27B4}.Release|Any CPU.Build.0 = Release|Any CPU
		{07CC2017-2F3D-47F9-902D-513C5BE9C471}.Debug|Any CPU.ActiveCfg = Debug|Any CPU
		{07CC2017-2F3D-47F9-902D-513C5BE9C471}.Debug|Any CPU.Build.0 = Debug|Any CPU
		{07CC2017-2F3D-47F9-902D-513C5BE9C471}.Release|Any CPU.ActiveCfg = Release|Any CPU
		{07CC2017-2F3D-47F9-902D-513C5BE9C471}.Release|Any CPU.Build.0 = Release|Any CPU
	EndGlobalSection
	GlobalSection(SolutionProperties) = preSolution
		HideSolutionNode = FALSE
	EndGlobalSection
	GlobalSection(ExtensibilityGlobals) = postSolution
		SolutionGuid = {AB7E78BF-4842-4E0F-BEB0-FE2DAB2806B2}
	EndGlobalSection
EndGlobal
